
Microsoft Visual Studio Solution File, Format Version 12.00
# Visual Studio Version 16
VisualStudioVersion = 16.0.32126.315
MinimumVisualStudioVersion = 10.0.40219.1
Project("{FAE04EC0-301F-11D3-BF4B-00C04F79EFBC}") = "WpfApp36", "WpfApp36\WpfApp36.csproj", "{A7A3CD1B-011A-48ED-9DBD-46EB8AF47AEF}"
EndProject
Global
	GlobalSection(SolutionConfigurationPlatforms) = preSolution
		Debug|Any CPU = Debug|Any CPU
		Debug|x64 = Debug|x64
		Release|Any CPU = Release|Any CPU
		Release|x64 = Release|x64
	EndGlobalSection
	GlobalSection(ProjectConfigurationPlatforms) = postSolution
		{A7A3CD1B-011A-48ED-9DBD-46EB8AF47AEF}.Debug|Any CPU.ActiveCfg = Debug|Any CPU
		{A7A3CD1B-011A-48ED-9DBD-46EB8AF47AEF}.Debug|Any CPU.Build.0 = Debug|Any CPU
		{A7A3CD1B-011A-48ED-9DBD-46EB8AF47AEF}.Debug|x64.ActiveCfg = Debug|x64
		{A7A3CD1B-011A-48ED-9DBD-46EB8AF47AEF}.Debug|x64.Build.0 = Debug|x64
		{A7A3CD1B-011A-48ED-9DBD-46EB8AF47AEF}.Release|Any CPU.ActiveCfg = Release|Any CPU
		{A7A3CD1B-011A-48ED-9DBD-46EB8AF47AEF}.Release|Any CPU.Build.0 = Release|Any CPU
		{A7A3CD1B-011A-48ED-9DBD-46EB8AF47AEF}.Release|x64.ActiveCfg = Release|x64
		{A7A3CD1B-011A-48ED-9DBD-46EB8AF47AEF}.Release|x64.Build.0 = Release|x64
	EndGlobalSection
	GlobalSection(SolutionProperties) = preSolution
		HideSolutionNode = FALSE
	EndGlobalSection
	GlobalSection(ExtensibilityGlobals) = postSolution
		SolutionGuid = {CE9E16C1-0D77-483B-99F2-718E7DE0790D}
	EndGlobalSection
EndGlobal
